
Microsoft Visual Studio Solution File, Format Version 12.00
# Visual Studio Version 17
VisualStudioVersion = 17.3.32825.248
MinimumVisualStudioVersion = 10.0.40219.1
Project("{9A19103F-16F7-4668-BE54-9A1E7A4F7556}") = "Drilling", "Drilling\Drilling.csproj", "{3C420C99-F5F6-4176-9065-8D5CB1EC1570}"
EndProject
Project("{9A19103F-16F7-4668-BE54-9A1E7A4F7556}") = "Drilling.Infrastructure", "Drilling.Infrastructure\Drilling.Infrastructure.csproj", "{92F31CF3-A8C7-4F53-AB4A-20AE4E98E044}"
EndProject
Project("{E53339B2-1760-4266-BCC7-CA923CBCF16C}") = "docker-compose", "docker-compose.dcproj", "{8479B39A-84D2-43D9-86A4-B83A8D8C3092}"
EndProject
Global
	GlobalSection(SolutionConfigurationPlatforms) = preSolution
		Debug|Any CPU = Debug|Any CPU
		Release|Any CPU = Release|Any CPU
	EndGlobalSection
	GlobalSection(ProjectConfigurationPlatforms) = postSolution
		{3C420C99-F5F6-4176-9065-8D5CB1EC1570}.Debug|Any CPU.ActiveCfg = Debug|Any CPU
		{3C420C99-F5F6-4176-9065-8D5CB1EC1570}.Debug|Any CPU.Build.0 = Debug|Any CPU
		{3C420C99-F5F6-4176-9065-8D5CB1EC1570}.Release|Any CPU.ActiveCfg = Release|Any CPU
		{3C420C99-F5F6-4176-9065-8D5CB1EC1570}.Release|Any CPU.Build.0 = Release|Any CPU
		{92F31CF3-A8C7-4F53-AB4A-20AE4E98E044}.Debug|Any CPU.ActiveCfg = Debug|Any CPU
		{92F31CF3-A8C7-4F53-AB4A-20AE4E98E044}.Debug|Any CPU.Build.0 = Debug|Any CPU
		{92F31CF3-A8C7-4F53-AB4A-20AE4E98E044}.Release|Any CPU.ActiveCfg = Release|Any CPU
		{92F31CF3-A8C7-4F53-AB4A-20AE4E98E044}.Release|Any CPU.Build.0 = Release|Any CPU
		{8479B39A-84D2-43D9-86A4-B83A8D8C3092}.Debug|Any CPU.ActiveCfg = Debug|Any CPU
		{8479B39A-84D2-43D9-86A4-B83A8D8C3092}.Debug|Any CPU.Build.0 = Debug|Any CPU
		{8479B39A-84D2-43D9-86A4-B83A8D8C3092}.Release|Any CPU.ActiveCfg = Release|Any CPU
		{8479B39A-84D2-43D9-86A4-B83A8D8C3092}.Release|Any CPU.Build.0 = Release|Any CPU
	EndGlobalSection
	GlobalSection(SolutionProperties) = preSolution
		HideSolutionNode = FALSE
	EndGlobalSection
	GlobalSection(ExtensibilityGlobals) = postSolution
		SolutionGuid = {4A398492-BA67-4253-841B-EE5D691C3A80}
	EndGlobalSection
EndGlobal
